
Microsoft Visual Studio Solution File, Format Version 12.00
# Visual Studio Version 17
VisualStudioVersion = 17.8.34511.84
MinimumVisualStudioVersion = 10.0.40219.1
Project("{FAE04EC0-301F-11D3-BF4B-00C04F79EFBC}") = "MyImage.Android", "MyImage\MyImage.Android\MyImage.Android.csproj", "{A585D136-F50A-4C80-94A3-552AA912BE53}"
EndProject
Project("{FAE04EC0-301F-11D3-BF4B-00C04F79EFBC}") = "MyImage", "MyImage\MyImage\MyImage.csproj", "{3887D8A4-7CD8-4B08-A734-D7BA06623040}"
EndProject
Global
	GlobalSection(SolutionConfigurationPlatforms) = preSolution
		Debug|Any CPU = Debug|Any CPU
		Release|Any CPU = Release|Any CPU
	EndGlobalSection
	GlobalSection(ProjectConfigurationPlatforms) = postSolution
		{A585D136-F50A-4C80-94A3-552AA912BE53}.Debug|Any CPU.ActiveCfg = Debug|Any CPU
		{A585D136-F50A-4C80-94A3-552AA912BE53}.Debug|Any CPU.Build.0 = Debug|Any CPU
		{A585D136-F50A-4C80-94A3-552AA912BE53}.Debug|Any CPU.Deploy.0 = Debug|Any CPU
		{A585D136-F50A-4C80-94A3-552AA912BE53}.Release|Any CPU.ActiveCfg = Release|Any CPU
		{A585D136-F50A-4C80-94A3-552AA912BE53}.Release|Any CPU.Build.0 = Release|Any CPU
		{A585D136-F50A-4C80-94A3-552AA912BE53}.Release|Any CPU.Deploy.0 = Release|Any CPU
		{3887D8A4-7CD8-4B08-A734-D7BA06623040}.Debug|Any CPU.ActiveCfg = Debug|Any CPU
		{3887D8A4-7CD8-4B08-A734-D7BA06623040}.Debug|Any CPU.Build.0 = Debug|Any CPU
		{3887D8A4-7CD8-4B08-A734-D7BA06623040}.Debug|Any CPU.Deploy.0 = Debug|Any CPU
		{3887D8A4-7CD8-4B08-A734-D7BA06623040}.Release|Any CPU.ActiveCfg = Release|Any CPU
		{3887D8A4-7CD8-4B08-A734-D7BA06623040}.Release|Any CPU.Build.0 = Release|Any CPU
		{3887D8A4-7CD8-4B08-A734-D7BA06623040}.Release|Any CPU.Deploy.0 = Release|Any CPU
	EndGlobalSection
	GlobalSection(SolutionProperties) = preSolution
		HideSolutionNode = FALSE
	EndGlobalSection
	GlobalSection(ExtensibilityGlobals) = postSolution
		SolutionGuid = {B8B7A9F4-1A52-499D-963D-30506CDDF046}
	EndGlobalSection
EndGlobal
